
Microsoft Visual Studio Solution File, Format Version 12.00
# Visual Studio Version 17
VisualStudioVersion = 17.6.33829.357
MinimumVisualStudioVersion = 10.0.40219.1
Project("{9A19103F-16F7-4668-BE54-9A1E7A4F7556}") = "TesteKeycloak.net", "TesteKeycloak.net\TesteKeycloak.net.csproj", "{D8A807AB-595E-4842-967D-37CA022A3577}"
EndProject
Global
	GlobalSection(SolutionConfigurationPlatforms) = preSolution
		Debug|Any CPU = Debug|Any CPU
		Release|Any CPU = Release|Any CPU
	EndGlobalSection
	GlobalSection(ProjectConfigurationPlatforms) = postSolution
		{D8A807AB-595E-4842-967D-37CA022A3577}.Debug|Any CPU.ActiveCfg = Debug|Any CPU
		{D8A807AB-595E-4842-967D-37CA022A3577}.Debug|Any CPU.Build.0 = Debug|Any CPU
		{D8A807AB-595E-4842-967D-37CA022A3577}.Release|Any CPU.ActiveCfg = Release|Any CPU
		{D8A807AB-595E-4842-967D-37CA022A3577}.Release|Any CPU.Build.0 = Release|Any CPU
	EndGlobalSection
	GlobalSection(SolutionProperties) = preSolution
		HideSolutionNode = FALSE
	EndGlobalSection
	GlobalSection(ExtensibilityGlobals) = postSolution
		SolutionGuid = {A524C988-B488-4A7D-BE45-0D6CFFEBA56E}
	EndGlobalSection
EndGlobal
