
Microsoft Visual Studio Solution File, Format Version 12.00
# Visual Studio Version 17
VisualStudioVersion = 17.6.33829.357
MinimumVisualStudioVersion = 10.0.40219.1
Project("{FAE04EC0-301F-11D3-BF4B-00C04F79EFBC}") = "api.A", "api.A\api.A.csproj", "{1A6C4603-F1C9-4302-8DB8-8527F842902E}"
EndProject
Global
	GlobalSection(SolutionConfigurationPlatforms) = preSolution
		Debug|Any CPU = Debug|Any CPU
		Release|Any CPU = Release|Any CPU
	EndGlobalSection
	GlobalSection(ProjectConfigurationPlatforms) = postSolution
		{1A6C4603-F1C9-4302-8DB8-8527F842902E}.Debug|Any CPU.ActiveCfg = Debug|Any CPU
		{1A6C4603-F1C9-4302-8DB8-8527F842902E}.Debug|Any CPU.Build.0 = Debug|Any CPU
		{1A6C4603-F1C9-4302-8DB8-8527F842902E}.Release|Any CPU.ActiveCfg = Release|Any CPU
		{1A6C4603-F1C9-4302-8DB8-8527F842902E}.Release|Any CPU.Build.0 = Release|Any CPU
	EndGlobalSection
	GlobalSection(SolutionProperties) = preSolution
		HideSolutionNode = FALSE
	EndGlobalSection
	GlobalSection(ExtensibilityGlobals) = postSolution
		SolutionGuid = {8DFDB8D9-694C-429C-90CE-807D95EBCF23}
	EndGlobalSection
EndGlobal
