
Microsoft Visual Studio Solution File, Format Version 12.00
# Visual Studio Version 17
VisualStudioVersion = 17.6.33829.357
MinimumVisualStudioVersion = 10.0.40219.1
Project("{FAE04EC0-301F-11D3-BF4B-00C04F79EFBC}") = "api.poc.controlador", "src\api.poc.controlador\api.poc.controlador.csproj", "{316AA674-78ED-403A-982A-032C97250F10}"
EndProject
Global
	GlobalSection(SolutionConfigurationPlatforms) = preSolution
		Debug|Any CPU = Debug|Any CPU
		Release|Any CPU = Release|Any CPU
	EndGlobalSection
	GlobalSection(ProjectConfigurationPlatforms) = postSolution
		{316AA674-78ED-403A-982A-032C97250F10}.Debug|Any CPU.ActiveCfg = Debug|Any CPU
		{316AA674-78ED-403A-982A-032C97250F10}.Debug|Any CPU.Build.0 = Debug|Any CPU
		{316AA674-78ED-403A-982A-032C97250F10}.Release|Any CPU.ActiveCfg = Release|Any CPU
		{316AA674-78ED-403A-982A-032C97250F10}.Release|Any CPU.Build.0 = Release|Any CPU
	EndGlobalSection
	GlobalSection(SolutionProperties) = preSolution
		HideSolutionNode = FALSE
	EndGlobalSection
	GlobalSection(ExtensibilityGlobals) = postSolution
		SolutionGuid = {A5DCEDB3-A9A2-4F4A-9C49-4883B437BD0F}
	EndGlobalSection
EndGlobal
